
Microsoft Visual Studio Solution File, Format Version 12.00
# Visual Studio Version 16
VisualStudioVersion = 16.0.29020.237
MinimumVisualStudioVersion = 10.0.40219.1
Project("{FAE04EC0-301F-11D3-BF4B-00C04F79EFBC}") = "Yahtzee", "Yahtzee\Yahtzee.csproj", "{234CF1C8-F643-416E-BC69-E0B11BAE0440}"
EndProject
Global
	GlobalSection(SolutionConfigurationPlatforms) = preSolution
		Debug|Any CPU = Debug|Any CPU
		Release|Any CPU = Release|Any CPU
	EndGlobalSection
	GlobalSection(ProjectConfigurationPlatforms) = postSolution
		{234CF1C8-F643-416E-BC69-E0B11BAE0440}.Debug|Any CPU.ActiveCfg = Debug|Any CPU
		{234CF1C8-F643-416E-BC69-E0B11BAE0440}.Debug|Any CPU.Build.0 = Debug|Any CPU
		{234CF1C8-F643-416E-BC69-E0B11BAE0440}.Release|Any CPU.ActiveCfg = Release|Any CPU
		{234CF1C8-F643-416E-BC69-E0B11BAE0440}.Release|Any CPU.Build.0 = Release|Any CPU
	EndGlobalSection
	GlobalSection(SolutionProperties) = preSolution
		HideSolutionNode = FALSE
	EndGlobalSection
	GlobalSection(ExtensibilityGlobals) = postSolution
		SolutionGuid = {70B3B682-CD42-4CE6-BB2F-F540F2EFF1AC}
	EndGlobalSection
EndGlobal
